
Microsoft Visual Studio Solution File, Format Version 12.00
# Visual Studio 15
VisualStudioVersion = 15.0.27130.2027
MinimumVisualStudioVersion = 10.0.40219.1
Project("{FAE04EC0-301F-11D3-BF4B-00C04F79EFBC}") = "MathsLibrary", "MathsLibrary\MathsLibrary.csproj", "{A2F606AC-86B5-4D84-9502-86331828054C}"
EndProject
Project("{FAE04EC0-301F-11D3-BF4B-00C04F79EFBC}") = "ConsoleApp1", "ConsoleApp1\ConsoleApp1.csproj", "{0ED080DE-4FBB-4286-B355-CD418664323D}"
	ProjectSection(ProjectDependencies) = postProject
		{A2F606AC-86B5-4D84-9502-86331828054C} = {A2F606AC-86B5-4D84-9502-86331828054C}
	EndProjectSection
EndProject
Project("{FAE04EC0-301F-11D3-BF4B-00C04F79EFBC}") = "WindowsFormsApp1", "WindowsFormsApp1\WindowsFormsApp1.csproj", "{0C9767EF-9588-492E-B89E-4C0616612D4F}"
	ProjectSection(ProjectDependencies) = postProject
		{A2F606AC-86B5-4D84-9502-86331828054C} = {A2F606AC-86B5-4D84-9502-86331828054C}
	EndProjectSection
EndProject
Global
	GlobalSection(SolutionConfigurationPlatforms) = preSolution
		Debug|Any CPU = Debug|Any CPU
		Release|Any CPU = Release|Any CPU
	EndGlobalSection
	GlobalSection(ProjectConfigurationPlatforms) = postSolution
		{A2F606AC-86B5-4D84-9502-86331828054C}.Debug|Any CPU.ActiveCfg = Debug|Any CPU
		{A2F606AC-86B5-4D84-9502-86331828054C}.Debug|Any CPU.Build.0 = Debug|Any CPU
		{A2F606AC-86B5-4D84-9502-86331828054C}.Release|Any CPU.ActiveCfg = Release|Any CPU
		{A2F606AC-86B5-4D84-9502-86331828054C}.Release|Any CPU.Build.0 = Release|Any CPU
		{0ED080DE-4FBB-4286-B355-CD418664323D}.Debug|Any CPU.ActiveCfg = Debug|Any CPU
		{0ED080DE-4FBB-4286-B355-CD418664323D}.Debug|Any CPU.Build.0 = Debug|Any CPU
		{0ED080DE-4FBB-4286-B355-CD418664323D}.Release|Any CPU.ActiveCfg = Release|Any CPU
		{0ED080DE-4FBB-4286-B355-CD418664323D}.Release|Any CPU.Build.0 = Release|Any CPU
		{0C9767EF-9588-492E-B89E-4C0616612D4F}.Debug|Any CPU.ActiveCfg = Debug|Any CPU
		{0C9767EF-9588-492E-B89E-4C0616612D4F}.Debug|Any CPU.Build.0 = Debug|Any CPU
		{0C9767EF-9588-492E-B89E-4C0616612D4F}.Release|Any CPU.ActiveCfg = Release|Any CPU
		{0C9767EF-9588-492E-B89E-4C0616612D4F}.Release|Any CPU.Build.0 = Release|Any CPU
	EndGlobalSection
	GlobalSection(SolutionProperties) = preSolution
		HideSolutionNode = FALSE
	EndGlobalSection
	GlobalSection(ExtensibilityGlobals) = postSolution
		SolutionGuid = {CC587C3D-BA6F-4398-B4CC-62674B726835}
	EndGlobalSection
EndGlobal
